{
  "requires": true,
  "lockfileVersion": 1,
  "dependencies": {
    "ng-snotify": {
      "version": "9.0.1",
      "resolved": "https://registry.npmjs.org/ng-snotify/-/ng-snotify-9.0.1.tgz",
      "integrity": "sha512-NYNtXHGiuBOYz+3/1k/l32IXmlrRNFbK9Z+nQM0dg6HWS+HZpPW84mvOBFLdxYTgzq8+SA6NXaEG4wAgMtFTeg=="
    }
  }
}
